
Microsoft Visual Studio Solution File, Format Version 12.00
# Visual Studio Version 16
VisualStudioVersion = 16.0.30804.86
MinimumVisualStudioVersion = 10.0.40219.1
Project("{8BC9CEB8-8B4A-11D0-8D11-00A0C91BC942}") = "SMInjector", "SMInjector.vcxproj", "{E94AFAD6-2262-40E4-81D3-CD0130B98C0B}"
EndProject
Project("{8BC9CEB8-8B4A-11D0-8D11-00A0C91BC942}") = "SMLibrary", "..\SMLibrary\SMLibrary.vcxproj", "{81368E09-9FA2-4F28-9915-22FE758BFD48}"
EndProject
Project("{2150E333-8FDC-42A3-9474-1A3956D46DE8}") = "PluginDevelopment", "PluginDevelopment", "{4EC6A5BC-FCE4-4FFE-AC55-7D83B6B7C8D7}"
EndProject
Project("{8BC9CEB8-8B4A-11D0-8D11-00A0C91BC942}") = "SMPluginTemplate", "..\PluginDevFolder\SMPluginTemplate\SMPluginTemplate.vcxproj", "{F09BBCFB-A1E3-43E0-8406-FBC8B72A09CA}"
	ProjectSection(ProjectDependencies) = postProject
		{81368E09-9FA2-4F28-9915-22FE758BFD48} = {81368E09-9FA2-4F28-9915-22FE758BFD48}
	EndProjectSection
EndProject
Project("{8BC9CEB8-8B4A-11D0-8D11-00A0C91BC942}") = "TileEditorUnlockPlugin", "..\PluginDevFolder\TileEditorUnlockPlugin\TileEditorUnlockPlugin.vcxproj", "{16BDCA26-D20C-4AC4-8DB3-9C108719B752}"
	ProjectSection(ProjectDependencies) = postProject
		{81368E09-9FA2-4F28-9915-22FE758BFD48} = {81368E09-9FA2-4F28-9915-22FE758BFD48}
	EndProjectSection
EndProject
Project("{8BC9CEB8-8B4A-11D0-8D11-00A0C91BC942}") = "SMLuaReaderPlugin", "..\PluginDevFolder\SMLuaReaderPlugin\SMLuaReaderPlugin.vcxproj", "{13E88C11-DEB6-47D5-9382-4E5D484A58C2}"
	ProjectSection(ProjectDependencies) = postProject
		{81368E09-9FA2-4F28-9915-22FE758BFD48} = {81368E09-9FA2-4F28-9915-22FE758BFD48}
	EndProjectSection
EndProject
Project("{8BC9CEB8-8B4A-11D0-8D11-00A0C91BC942}") = "SMLuaHook", "..\PluginDevFolder\SMLuaHook\SMLuaHook.vcxproj", "{93661F1D-21DC-4B5B-88EC-6BEA337DF56B}"
EndProject
Global
	GlobalSection(SolutionConfigurationPlatforms) = preSolution
		Debug|x64 = Debug|x64
		Release|x64 = Release|x64
	EndGlobalSection
	GlobalSection(ProjectConfigurationPlatforms) = postSolution
		{E94AFAD6-2262-40E4-81D3-CD0130B98C0B}.Debug|x64.ActiveCfg = Debug|x64
		{E94AFAD6-2262-40E4-81D3-CD0130B98C0B}.Release|x64.ActiveCfg = Release|x64
		{E94AFAD6-2262-40E4-81D3-CD0130B98C0B}.Release|x64.Build.0 = Release|x64
		{81368E09-9FA2-4F28-9915-22FE758BFD48}.Debug|x64.ActiveCfg = Debug|x64
		{81368E09-9FA2-4F28-9915-22FE758BFD48}.Release|x64.ActiveCfg = Release|x64
		{81368E09-9FA2-4F28-9915-22FE758BFD48}.Release|x64.Build.0 = Release|x64
		{F09BBCFB-A1E3-43E0-8406-FBC8B72A09CA}.Debug|x64.ActiveCfg = Debug|x64
		{F09BBCFB-A1E3-43E0-8406-FBC8B72A09CA}.Release|x64.ActiveCfg = Release|x64
		{F09BBCFB-A1E3-43E0-8406-FBC8B72A09CA}.Release|x64.Build.0 = Release|x64
		{16BDCA26-D20C-4AC4-8DB3-9C108719B752}.Debug|x64.ActiveCfg = Debug|x64
		{16BDCA26-D20C-4AC4-8DB3-9C108719B752}.Release|x64.ActiveCfg = Release|x64
		{16BDCA26-D20C-4AC4-8DB3-9C108719B752}.Release|x64.Build.0 = Release|x64
		{13E88C11-DEB6-47D5-9382-4E5D484A58C2}.Debug|x64.ActiveCfg = Debug|x64
		{13E88C11-DEB6-47D5-9382-4E5D484A58C2}.Release|x64.ActiveCfg = Release|x64
		{13E88C11-DEB6-47D5-9382-4E5D484A58C2}.Release|x64.Build.0 = Release|x64
		{93661F1D-21DC-4B5B-88EC-6BEA337DF56B}.Debug|x64.ActiveCfg = Debug|x64
		{93661F1D-21DC-4B5B-88EC-6BEA337DF56B}.Debug|x64.Build.0 = Debug|x64
		{93661F1D-21DC-4B5B-88EC-6BEA337DF56B}.Release|x64.ActiveCfg = Release|x64
		{93661F1D-21DC-4B5B-88EC-6BEA337DF56B}.Release|x64.Build.0 = Release|x64
	EndGlobalSection
	GlobalSection(SolutionProperties) = preSolution
		HideSolutionNode = FALSE
	EndGlobalSection
	GlobalSection(NestedProjects) = preSolution
		{F09BBCFB-A1E3-43E0-8406-FBC8B72A09CA} = {4EC6A5BC-FCE4-4FFE-AC55-7D83B6B7C8D7}
		{16BDCA26-D20C-4AC4-8DB3-9C108719B752} = {4EC6A5BC-FCE4-4FFE-AC55-7D83B6B7C8D7}
		{13E88C11-DEB6-47D5-9382-4E5D484A58C2} = {4EC6A5BC-FCE4-4FFE-AC55-7D83B6B7C8D7}
		{93661F1D-21DC-4B5B-88EC-6BEA337DF56B} = {4EC6A5BC-FCE4-4FFE-AC55-7D83B6B7C8D7}
	EndGlobalSection
	GlobalSection(ExtensibilityGlobals) = postSolution
		SolutionGuid = {D7E2F6B1-96AC-4FB5-B8AA-FDB43C7F169E}
	EndGlobalSection
EndGlobal
